PODS:
  - FMDB (2.2):
    - FMDB/standard
  - FMDB/common (2.2)
  - FMDB/standard (2.2):
    - FMDB/common
  - MambaStore (0.2.0):
    - FMDB
  - RAJobController (0.1.0)

DEPENDENCIES:
  - MambaStore (from `https://github.com/davidahouse/MambaStore.git`)
  - RAJobController (from `https://github.com/davidahouse/RAJobController.git`)

EXTERNAL SOURCES:
  MambaStore:
    :git: https://github.com/davidahouse/MambaStore.git
  RAJobController:
    :git: https://github.com/davidahouse/RAJobController.git

SPEC CHECKSUMS:
  FMDB: e0dd09464b4e1a1cd7fa51ea835ae821b5656865
  MambaStore: b0899691d000bb85e228fe4829995120d117382d
  RAJobController: 3ad3dd1667a933ddc1fc8aa980e309ecbb2e708c

COCOAPODS: 0.32.1
