PODS:
  - DHMambaStore (0.2.1):
    - FMDB
  - FMDB (2.3):
    - FMDB/standard
  - FMDB/common (2.3)
  - FMDB/standard (2.3):
    - FMDB/common

DEPENDENCIES:
  - DHMambaStore (from `https://github.com/davidahouse/DHMambaStore.git`)

EXTERNAL SOURCES:
  DHMambaStore:
    :git: https://github.com/davidahouse/DHMambaStore.git

SPEC CHECKSUMS:
  DHMambaStore: fe2581364353dfd21e084e31cb12ea3e36366289
  FMDB: 31ec26773c7f7b7890a6038235a1f2bbd933a7cb

COCOAPODS: 0.33.1
